// !$*UTF8*$!
{
	archiveVersion = 1;
	classes = {
	};
	objectVersion = 56;
	objects = {

/* Begin PBXBuildFile section */
		CFFA1A132C350F6500342CF6 /* TasksApp.swift in Sources */ = {isa = PBXBuildFile; fileRef = CFFA1A122C350F6500342CF6 /* TasksApp.swift */; };
		CFFA1A152C350F6500342CF6 /* ContentView.swift in Sources */ = {isa = PBXBuildFile; fileRef = CFFA1A142C350F6500342CF6 /* ContentView.swift */; };
		CFFA1A172C350F6700342CF6 /* Assets.xcassets in Resources */ = {isa = PBXBuildFile; fileRef = CFFA1A162C350F6700342CF6 /* Assets.xcassets */; };
		CFFA1A1A2C350F6700342CF6 /* Preview Assets.xcassets in Resources */ = {isa = PBXBuildFile; fileRef = CFFA1A192C350F6700342CF6 /* Preview Assets.xcassets */; };
		CFFA1A242C350F6700342CF6 /* TasksTests.swift in Sources */ = {isa = PBXBuildFile; fileRef = CFFA1A232C350F6700342CF6 /* TasksTests.swift */; };
		CFFA1A2E2C350F6700342CF6 /* TasksUITests.swift in Sources */ = {isa = PBXBuildFile; fileRef = CFFA1A2D2C350F6700342CF6 /* TasksUITests.swift */; };
		CFFA1A302C350F6700342CF6 /* TasksUITestsLaunchTests.swift in Sources */ = {isa = PBXBuildFile; fileRef = CFFA1A2F2C350F6700342CF6 /* TasksUITestsLaunchTests.swift */; };
/* End PBXBuildFile section */

/* Begin PBXContainerItemProxy section */
		CFFA1A202C350F6700342CF6 /* PBXContainerItemProxy */ = {
			isa = PBXContainerItemProxy;
			containerPortal = CFFA1A072C350F6500342CF6 /* Project object */;
			proxyType = 1;
			remoteGlobalIDString = CFFA1A0E2C350F6500342CF6;
			remoteInfo = Tasks;
		};
		CFFA1A2A2C350F6700342CF6 /* PBXContainerItemProxy */ = {
			isa = PBXContainerItemProxy;
			containerPortal = CFFA1A072C350F6500342CF6 /* Project object */;
			proxyType = 1;
			remoteGlobalIDString = CFFA1A0E2C350F6500342CF6;
			remoteInfo = Tasks;
		};
/* End PBXContainerItemProxy section */

/* Begin PBXFileReference section */
		CFFA1A0F2C350F6500342CF6 /* Tasks.app */ = {isa = PBXFileReference; explicitFileType = wrapper.application; includeInIndex = 0; path = Tasks.app; sourceTree = BUILT_PRODUCTS_DIR; };
		CFFA1A122C350F6500342CF6 /* TasksApp.swift */ = {isa = PBXFileReference; lastKnownFileType = sourcecode.swift; path = TasksApp.swift; sourceTree = "<group>"; };
		CFFA1A142C350F6500342CF6 /* ContentView.swift */ = {isa = PBXFileReference; lastKnownFileType = sourcecode.swift; path = ContentView.swift; sourceTree = "<group>"; };
		CFFA1A162C350F6700342CF6 /* Assets.xcassets */ = {isa = PBXFileReference; lastKnownFileType = folder.assetcatalog; path = Assets.xcassets; sourceTree = "<group>"; };
		CFFA1A192C350F6700342CF6 /* Preview Assets.xcassets */ = {isa = PBXFileReference; lastKnownFileType = folder.assetcatalog; path = "Preview Assets.xcassets"; sourceTree = "<group>"; };
		CFFA1A1F2C350F6700342CF6 /* TasksTests.xctest */ = {isa = PBXFileReference; explicitFileType = wrapper.cfbundle; includeInIndex = 0; path = TasksTests.xctest; sourceTree = BUILT_PRODUCTS_DIR; };
		CFFA1A232C350F6700342CF6 /* TasksTests.swift */ = {isa = PBXFileReference; lastKnownFileType = sourcecode.swift; path = TasksTests.swift; sourceTree = "<group>"; };
		CFFA1A292C350F6700342CF6 /* TasksUITests.xctest */ = {isa = PBXFileReference; explicitFileType = wrapper.cfbundle; includeInIndex = 0; path = TasksUITests.xctest; sourceTree = BUILT_PRODUCTS_DIR; };
		CFFA1A2D2C350F6700342CF6 /* TasksUITests.swift */ = {isa = PBXFileReference; lastKnownFileType = sourcecode.swift; path = TasksUITests.swift; sourceTree = "<group>"; };
		CFFA1A2F2C350F6700342CF6 /* TasksUITestsLaunchTests.swift */ = {isa = PBXFileReference; lastKnownFileType = sourcecode.swift; path = TasksUITestsLaunchTests.swift; sourceTree = "<group>"; };
/* End PBXFileReference section */

/* Begin PBXFrameworksBuildPhase section */
		CFFA1A0C2C350F6500342CF6 /* Frameworks */ = {
			isa = PBXFrameworksBuildPhase;
			buildActionMask = 2147483647;
			files = (
			);
			runOnlyForDeploymentPostprocessing = 0;
		};
		CFFA1A1C2C350F6700342CF6 /* Frameworks */ = {
			isa = PBXFrameworksBuildPhase;
			buildActionMask = 2147483647;
			files = (
			);
			runOnlyForDeploymentPostprocessing = 0;
		};
		CFFA1A262C350F6700342CF6 /* Frameworks */ = {
			isa = PBXFrameworksBuildPhase;
			buildActionMask = 2147483647;
			files = (
			);
			runOnlyForDeploymentPostprocessing = 0;
		};
/* End PBXFrameworksBuildPhase section */

/* Begin PBXGroup section */
		CFFA1A062C350F6500342CF6 = {
			isa = PBXGroup;
			children = (
				CFFA1A112C350F6500342CF6 /* Tasks */,
				CFFA1A222C350F6700342CF6 /* TasksTests */,
				CFFA1A2C2C350F6700342CF6 /* TasksUITests */,
				CFFA1A102C350F6500342CF6 /* Products */,
			);
			sourceTree = "<group>";
		};
		CFFA1A102C350F6500342CF6 /* Products */ = {
			isa = PBXGroup;
			children = (
				CFFA1A0F2C350F6500342CF6 /* Tasks.app */,
				CFFA1A1F2C350F6700342CF6 /* TasksTests.xctest */,
				CFFA1A292C350F6700342CF6 /* TasksUITests.xctest */,
			);
			name = Products;
			sourceTree = "<group>";
		};
		CFFA1A112C350F6500342CF6 /* Tasks */ = {
			isa = PBXGroup;
			children = (
				CFFA1A122C350F6500342CF6 /* TasksApp.swift */,
				CFFA1A142C350F6500342CF6 /* ContentView.swift */,
				CFFA1A162C350F6700342CF6 /* Assets.xcassets */,
				CFFA1A182C350F6700342CF6 /* Preview Content */,
			);
			path = Tasks;
			sourceTree = "<group>";
		};
		CFFA1A182C350F6700342CF6 /* Preview Content */ = {
			isa = PBXGroup;
			children = (
				CFFA1A192C350F6700342CF6 /* Preview Assets.xcassets */,
			);
			path = "Preview Content";
			sourceTree = "<group>";
		};
		CFFA1A222C350F6700342CF6 /* TasksTests */ = {
			isa = PBXGroup;
			children = (
				CFFA1A232C350F6700342CF6 /* TasksTests.swift */,
			);
			path = TasksTests;
			sourceTree = "<group>";
		};
		CFFA1A2C2C350F6700342CF6 /* TasksUITests */ = {
			isa = PBXGroup;
			children = (
				CFFA1A2D2C350F6700342CF6 /* TasksUITests.swift */,
				CFFA1A2F2C350F6700342CF6 /* TasksUITestsLaunchTests.swift */,
			);
			path = TasksUITests;
			sourceTree = "<group>";
		};
/* End PBXGroup section */

/* Begin PBXNativeTarget section */
		CFFA1A0E2C350F6500342CF6 /* Tasks */ = {
			isa = PBXNativeTarget;
			buildConfigurationList = CFFA1A332C350F6700342CF6 /* Build configuration list for PBXNativeTarget "Tasks" */;
			buildPhases = (
				CFFA1A0B2C350F6500342CF6 /* Sources */,
				CFFA1A0C2C350F6500342CF6 /* Frameworks */,
				CFFA1A0D2C350F6500342CF6 /* Resources */,
			);
			buildRules = (
			);
			dependencies = (
			);
			name = Tasks;
			productName = Tasks;
			productReference = CFFA1A0F2C350F6500342CF6 /* Tasks.app */;
			productType = "com.apple.product-type.application";
		};
		CFFA1A1E2C350F6700342CF6 /* TasksTests */ = {
			isa = PBXNativeTarget;
			buildConfigurationList = CFFA1A362C350F6700342CF6 /* Build configuration list for PBXNativeTarget "TasksTests" */;
			buildPhases = (
				CFFA1A1B2C350F6700342CF6 /* Sources */,
				CFFA1A1C2C350F6700342CF6 /* Frameworks */,
				CFFA1A1D2C350F6700342CF6 /* Resources */,
			);
			buildRules = (
			);
			dependencies = (
				CFFA1A212C350F6700342CF6 /* PBXTargetDependency */,
			);
			name = TasksTests;
			productName = TasksTests;
			productReference = CFFA1A1F2C350F6700342CF6 /* TasksTests.xctest */;
			productType = "com.apple.product-type.bundle.unit-test";
		};
		CFFA1A282C350F6700342CF6 /* TasksUITests */ = {
			isa = PBXNativeTarget;
			buildConfigurationList = CFFA1A392C350F6700342CF6 /* Build configuration list for PBXNativeTarget "TasksUITests" */;
			buildPhases = (
				CFFA1A252C350F6700342CF6 /* Sources */,
				CFFA1A262C350F6700342CF6 /* Frameworks */,
				CFFA1A272C350F6700342CF6 /* Resources */,
			);
			buildRules = (
			);
			dependencies = (
				CFFA1A2B2C350F6700342CF6 /* PBXTargetDependency */,
			);
			name = TasksUITests;
			productName = TasksUITests;
			productReference = CFFA1A292C350F6700342CF6 /* TasksUITests.xctest */;
			productType = "com.apple.product-type.bundle.ui-testing";
		};
/* End PBXNativeTarget section */

/* Begin PBXProject section */
		CFFA1A072C350F6500342CF6 /* Project object */ = {
			isa = PBXProject;
			attributes = {
				BuildIndependentTargetsInParallel = 1;
				LastSwiftUpdateCheck = 1540;
				LastUpgradeCheck = 1540;
				TargetAttributes = {
					CFFA1A0E2C350F6500342CF6 = {
						CreatedOnToolsVersion = 15.4;
					};
					CFFA1A1E2C350F6700342CF6 = {
						CreatedOnToolsVersion = 15.4;
						TestTargetID = CFFA1A0E2C350F6500342CF6;
					};
					CFFA1A282C350F6700342CF6 = {
						CreatedOnToolsVersion = 15.4;
						TestTargetID = CFFA1A0E2C350F6500342CF6;
					};
				};
			};
			buildConfigurationList = CFFA1A0A2C350F6500342CF6 /* Build configuration list for PBXProject "Tasks" */;
			compatibilityVersion = "Xcode 14.0";
			developmentRegion = en;
			hasScannedForEncodings = 0;
			knownRegions = (
				en,
				Base,
			);
			mainGroup = CFFA1A062C350F6500342CF6;
			productRefGroup = CFFA1A102C350F6500342CF6 /* Products */;
			projectDirPath = "";
			projectRoot = "";
			targets = (
				CFFA1A0E2C350F6500342CF6 /* Tasks */,
				CFFA1A1E2C350F6700342CF6 /* TasksTests */,
				CFFA1A282C350F6700342CF6 /* TasksUITests */,
			);
		};
/* End PBXProject section */

/* Begin PBXResourcesBuildPhase section */
		CFFA1A0D2C350F6500342CF6 /* Resources */ = {
			isa = PBXResourcesBuildPhase;
			buildActionMask = 2147483647;
			files = (
				CFFA1A1A2C350F6700342CF6 /* Preview Assets.xcassets in Resources */,
				CFFA1A172C350F6700342CF6 /* Assets.xcassets in Resources */,
			);
			runOnlyForDeploymentPostprocessing = 0;
		};
		CFFA1A1D2C350F6700342CF6 /* Resources */ = {
			isa = PBXResourcesBuildPhase;
			buildActionMask = 2147483647;
			files = (
			);
			runOnlyForDeploymentPostprocessing = 0;
		};
		CFFA1A272C350F6700342CF6 /* Resources */ = {
			isa = PBXResourcesBuildPhase;
			buildActionMask = 2147483647;
			files = (
			);
			runOnlyForDeploymentPostprocessing = 0;
		};
/* End PBXResourcesBuildPhase section */

/* Begin PBXSourcesBuildPhase section */
		CFFA1A0B2C350F6500342CF6 /* Sources */ = {
			isa = PBXSourcesBuildPhase;
			buildActionMask = 2147483647;
			files = (
				CFFA1A152C350F6500342CF6 /* ContentView.swift in Sources */,
				CFFA1A132C350F6500342CF6 /* TasksApp.swift in Sources */,
			);
			runOnlyForDeploymentPostprocessing = 0;
		};
		CFFA1A1B2C350F6700342CF6 /* Sources */ = {
			isa = PBXSourcesBuildPhase;
			buildActionMask = 2147483647;
			files = (
				CFFA1A242C350F6700342CF6 /* TasksTests.swift in Sources */,
			);
			runOnlyForDeploymentPostprocessing = 0;
		};
		CFFA1A252C350F6700342CF6 /* Sources */ = {
			isa = PBXSourcesBuildPhase;
			buildActionMask = 2147483647;
			files = (
				CFFA1A2E2C350F6700342CF6 /* TasksUITests.swift in Sources */,
				CFFA1A302C350F6700342CF6 /* TasksUITestsLaunchTests.swift in Sources */,
			);
			runOnlyForDeploymentPostprocessing = 0;
		};
/* End PBXSourcesBuildPhase section */

/* Begin PBXTargetDependency section */
		CFFA1A212C350F6700342CF6 /* PBXTargetDependency */ = {
			isa = PBXTargetDependency;
			target = CFFA1A0E2C350F6500342CF6 /* Tasks */;
			targetProxy = CFFA1A202C350F6700342CF6 /* PBXContainerItemProxy */;
		};
		CFFA1A2B2C350F6700342CF6 /* PBXTargetDependency */ = {
			isa = PBXTargetDependency;
			target = CFFA1A0E2C350F6500342CF6 /* Tasks */;
			targetProxy = CFFA1A2A2C350F6700342CF6 /* PBXContainerItemProxy */;
		};
/* End PBXTargetDependency section */

/* Begin XCBuildConfiguration section */
		CFFA1A312C350F6700342CF6 /* Debug */ = {
			isa = XCBuildConfiguration;
			buildSettings = {
				ALWAYS_SEARCH_USER_PATHS = NO;
				ASSETCATALOG_COMPILER_GENERATE_SWIFT_ASSET_SYMBOL_EXTENSIONS = YES;
				CLANG_ANALYZER_NONNULL = YES;
				CLANG_ANALYZER_NUMBER_OBJECT_CONVERSION = YES_AGGRESSIVE;
				CLANG_CXX_LANGUAGE_STANDARD = "gnu++20";
				CLANG_ENABLE_MODULES = YES;
				CLANG_ENABLE_OBJC_ARC = YES;
				CLANG_ENABLE_OBJC_WEAK = YES;
				CLANG_WARN_BLOCK_CAPTURE_AUTORELEASING = YES;
				CLANG_WARN_BOOL_CONVERSION = YES;
				CLANG_WARN_COMMA = YES;
				CLANG_WARN_CONSTANT_CONVERSION = YES;
				CLANG_WARN_DEPRECATED_OBJC_IMPLEMENTATIONS = YES;
				CLANG_WARN_DIRECT_OBJC_ISA_USAGE = YES_ERROR;
				CLANG_WARN_DOCUMENTATION_COMMENTS = YES;
				CLANG_WARN_EMPTY_BODY = YES;
				CLANG_WARN_ENUM_CONVERSION = YES;
				CLANG_WARN_INFINITE_RECURSION = YES;
				CLANG_WARN_INT_CONVERSION = YES;
				CLANG_WARN_NON_LITERAL_NULL_CONVERSION = YES;
				CLANG_WARN_OBJC_IMPLICIT_RETAIN_SELF = YES;
				CLANG_WARN_OBJC_LITERAL_CONVERSION = YES;
				CLANG_WARN_OBJC_ROOT_CLASS = YES_ERROR;
				CLANG_WARN_QUOTED_INCLUDE_IN_FRAMEWORK_HEADER = YES;
				CLANG_WARN_RANGE_LOOP_ANALYSIS = YES;
				CLANG_WARN_STRICT_PROTOTYPES = YES;
				CLANG_WARN_SUSPICIOUS_MOVE = YES;
				CLANG_WARN_UNGUARDED_AVAILABILITY = YES_AGGRESSIVE;
				CLANG_WARN_UNREACHABLE_CODE = YES;
				CLANG_WARN__DUPLICATE_METHOD_MATCH = YES;
				COPY_PHASE_STRIP = NO;
				DEBUG_INFORMATION_FORMAT = dwarf;
				ENABLE_STRICT_OBJC_MSGSEND = YES;
				ENABLE_TESTABILITY = YES;
				ENABLE_USER_SCRIPT_SANDBOXING = YES;
				GCC_C_LANGUAGE_STANDARD = gnu17;
				GCC_DYNAMIC_NO_PIC = NO;
				GCC_NO_COMMON_BLOCKS = YES;
				GCC_OPTIMIZATION_LEVEL = 0;
				GCC_PREPROCESSOR_DEFINITIONS = (
					"DEBUG=1",
					"$(inherited)",
				);
				GCC_WARN_64_TO_32_BIT_CONVERSION = YES;
				GCC_WARN_ABOUT_RETURN_TYPE = YES_ERROR;
				GCC_WARN_UNDECLARED_SELECTOR = YES;
				GCC_WARN_UNINITIALIZED_AUTOS = YES_AGGRESSIVE;
				GCC_WARN_UNUSED_FUNCTION = YES;
				GCC_WARN_UNUSED_VARIABLE = YES;
				IPHONEOS_DEPLOYMENT_TARGET = 17.5;
				LOCALIZATION_PREFERS_STRING_CATALOGS = YES;
				MTL_ENABLE_DEBUG_INFO = INCLUDE_SOURCE;
				MTL_FAST_MATH = YES;
				ONLY_ACTIVE_ARCH = YES;
				SDKROOT = iphoneos;
				SWIFT_ACTIVE_COMPILATION_CONDITIONS = "DEBUG $(inherited)";
				SWIFT_OPTIMIZATION_LEVEL = "-Onone";
			};
			name = Debug;
		};
		CFFA1A322C350F6700342CF6 /* Release */ = {
			isa = XCBuildConfiguration;
			buildSettings = {
				ALWAYS_SEARCH_USER_PATHS = NO;
				ASSETCATALOG_COMPILER_GENERATE_SWIFT_ASSET_SYMBOL_EXTENSIONS = YES;
				CLANG_ANALYZER_NONNULL = YES;
				CLANG_ANALYZER_NUMBER_OBJECT_CONVERSION = YES_AGGRESSIVE;
				CLANG_CXX_LANGUAGE_STANDARD = "gnu++20";
				CLANG_ENABLE_MODULES = YES;
				CLANG_ENABLE_OBJC_ARC = YES;
				CLANG_ENABLE_OBJC_WEAK = YES;
				CLANG_WARN_BLOCK_CAPTURE_AUTORELEASING = YES;
				CLANG_WARN_BOOL_CONVERSION = YES;
				CLANG_WARN_COMMA = YES;
				CLANG_WARN_CONSTANT_CONVERSION = YES;
				CLANG_WARN_DEPRECATED_OBJC_IMPLEMENTATIONS = YES;
				CLANG_WARN_DIRECT_OBJC_ISA_USAGE = YES_ERROR;
				CLANG_WARN_DOCUMENTATION_COMMENTS = YES;
				CLANG_WARN_EMPTY_BODY = YES;
				CLANG_WARN_ENUM_CONVERSION = YES;
				CLANG_WARN_INFINITE_RECURSION = YES;
				CLANG_WARN_INT_CONVERSION = YES;
				CLANG_WARN_NON_LITERAL_NULL_CONVERSION = YES;
				CLANG_WARN_OBJC_IMPLICIT_RETAIN_SELF = YES;
				CLANG_WARN_OBJC_LITERAL_CONVERSION = YES;
				CLANG_WARN_OBJC_ROOT_CLASS = YES_ERROR;
				CLANG_WARN_QUOTED_INCLUDE_IN_FRAMEWORK_HEADER = YES;
				CLANG_WARN_RANGE_LOOP_ANALYSIS = YES;
				CLANG_WARN_STRICT_PROTOTYPES = YES;
				CLANG_WARN_SUSPICIOUS_MOVE = YES;
				CLANG_WARN_UNGUARDED_AVAILABILITY = YES_AGGRESSIVE;
				CLANG_WARN_UNREACHABLE_CODE = YES;
				CLANG_WARN__DUPLICATE_METHOD_MATCH = YES;
				COPY_PHASE_STRIP = NO;
				DEBUG_INFORMATION_FORMAT = "dwarf-with-dsym";
				ENABLE_NS_ASSERTIONS = NO;
				ENABLE_STRICT_OBJC_MSGSEND = YES;
				ENABLE_USER_SCRIPT_SANDBOXING = YES;
				GCC_C_LANGUAGE_STANDARD = gnu17;
				GCC_NO_COMMON_BLOCKS = YES;
				GCC_WARN_64_TO_32_BIT_CONVERSION = YES;
				GCC_WARN_ABOUT_RETURN_TYPE = YES_ERROR;
				GCC_WARN_UNDECLARED_SELECTOR = YES;
				GCC_WARN_UNINITIALIZED_AUTOS = YES_AGGRESSIVE;
				GCC_WARN_UNUSED_FUNCTION = YES;
				GCC_WARN_UNUSED_VARIABLE = YES;
				IPHONEOS_DEPLOYMENT_TARGET = 17.5;
				LOCALIZATION_PREFERS_STRING_CATALOGS = YES;
				MTL_ENABLE_DEBUG_INFO = NO;
				MTL_FAST_MATH = YES;
				SDKROOT = iphoneos;
				SWIFT_COMPILATION_MODE = wholemodule;
				VALIDATE_PRODUCT = YES;
			};
			name = Release;
		};
		CFFA1A342C350F6700342CF6 /* Debug */ = {
			isa = XCBuildConfiguration;
			buildSettings = {
				ASSETCATALOG_COMPILER_APPICON_NAME = AppIcon;
				ASSETCATALOG_COMPILER_GLOBAL_ACCENT_COLOR_NAME = AccentColor;
				CODE_SIGN_STYLE = Automatic;
				CURRENT_PROJECT_VERSION = 1;
				DEVELOPMENT_ASSET_PATHS = "\"Tasks/Preview Content\"";
				DEVELOPMENT_TEAM = PPG75C692R;
				ENABLE_PREVIEWS = YES;
				GENERATE_INFOPLIST_FILE = YES;
				INFOPLIST_KEY_UIApplicationSceneManifest_Generation = YES;
				INFOPLIST_KEY_UIApplicationSupportsIndirectInputEvents = YES;
				INFOPLIST_KEY_UILaunchScreen_Generation = YES;
				INFOPLIST_KEY_UISupportedInterfaceOrientations_iPad = "UIInterfaceOrientationPortrait UIInterfaceOrientationPortraitUpsideDown UIInterfaceOrientationLandscapeLeft UIInterfaceOrientationLandscapeRight";
				INFOPLIST_KEY_UISupportedInterfaceOrientations_iPhone = "UIInterfaceOrientationPortrait UIInterfaceOrientationLandscapeLeft UIInterfaceOrientationLandscapeRight";
				LD_RUNPATH_SEARCH_PATHS = (
					"$(inherited)",
					"@executable_path/Frameworks",
				);
				MARKETING_VERSION = 1.0;
				PRODUCT_BUNDLE_IDENTIFIER = "Billy-Agustian.Tasks";
				PRODUCT_NAME = "$(TARGET_NAME)";
				SWIFT_EMIT_LOC_STRINGS = YES;
				SWIFT_VERSION = 5.0;
				TARGETED_DEVICE_FAMILY = "1,2";
			};
			name = Debug;
		};
		CFFA1A352C350F6700342CF6 /* Release */ = {
			isa = XCBuildConfiguration;
			buildSettings = {
				ASSETCATALOG_COMPILER_APPICON_NAME = AppIcon;
				ASSETCATALOG_COMPILER_GLOBAL_ACCENT_COLOR_NAME = AccentColor;
				CODE_SIGN_STYLE = Automatic;
				CURRENT_PROJECT_VERSION = 1;
				DEVELOPMENT_ASSET_PATHS = "\"Tasks/Preview Content\"";
				DEVELOPMENT_TEAM = PPG75C692R;
				ENABLE_PREVIEWS = YES;
				GENERATE_INFOPLIST_FILE = YES;
				INFOPLIST_KEY_UIApplicationSceneManifest_Generation = YES;
				INFOPLIST_KEY_UIApplicationSupportsIndirectInputEvents = YES;
				INFOPLIST_KEY_UILaunchScreen_Generation = YES;
				INFOPLIST_KEY_UISupportedInterfaceOrientations_iPad = "UIInterfaceOrientationPortrait UIInterfaceOrientationPortraitUpsideDown UIInterfaceOrientationLandscapeLeft UIInterfaceOrientationLandscapeRight";
				INFOPLIST_KEY_UISupportedInterfaceOrientations_iPhone = "UIInterfaceOrientationPortrait UIInterfaceOrientationLandscapeLeft UIInterfaceOrientationLandscapeRight";
				LD_RUNPATH_SEARCH_PATHS = (
					"$(inherited)",
					"@executable_path/Frameworks",
				);
				MARKETING_VERSION = 1.0;
				PRODUCT_BUNDLE_IDENTIFIER = "Billy-Agustian.Tasks";
				PRODUCT_NAME = "$(TARGET_NAME)";
				SWIFT_EMIT_LOC_STRINGS = YES;
				SWIFT_VERSION = 5.0;
				TARGETED_DEVICE_FAMILY = "1,2";
			};
			name = Release;
		};
		CFFA1A372C350F6700342CF6 /* Debug */ = {
			isa = XCBuildConfiguration;
			buildSettings = {
				ALWAYS_EMBED_SWIFT_STANDARD_LIBRARIES = YES;
				BUNDLE_LOADER = "$(TEST_HOST)";
				CODE_SIGN_STYLE = Automatic;
				CURRENT_PROJECT_VERSION = 1;
				DEVELOPMENT_TEAM = PPG75C692R;
				GENERATE_INFOPLIST_FILE = YES;
				IPHONEOS_DEPLOYMENT_TARGET = 17.5;
				MARKETING_VERSION = 1.0;
				PRODUCT_BUNDLE_IDENTIFIER = "Billy-Agustian.TasksTests";
				PRODUCT_NAME = "$(TARGET_NAME)";
				SWIFT_EMIT_LOC_STRINGS = NO;
				SWIFT_VERSION = 5.0;
				TARGETED_DEVICE_FAMILY = "1,2";
				TEST_HOST = "$(BUILT_PRODUCTS_DIR)/Tasks.app/$(BUNDLE_EXECUTABLE_FOLDER_PATH)/Tasks";
			};
			name = Debug;
		};
		CFFA1A382C350F6700342CF6 /* Release */ = {
			isa = XCBuildConfiguration;
			buildSettings = {
				ALWAYS_EMBED_SWIFT_STANDARD_LIBRARIES = YES;
				BUNDLE_LOADER = "$(TEST_HOST)";
				CODE_SIGN_STYLE = Automatic;
				CURRENT_PROJECT_VERSION = 1;
				DEVELOPMENT_TEAM = PPG75C692R;
				GENERATE_INFOPLIST_FILE = YES;
				IPHONEOS_DEPLOYMENT_TARGET = 17.5;
				MARKETING_VERSION = 1.0;
				PRODUCT_BUNDLE_IDENTIFIER = "Billy-Agustian.TasksTests";
				PRODUCT_NAME = "$(TARGET_NAME)";
				SWIFT_EMIT_LOC_STRINGS = NO;
				SWIFT_VERSION = 5.0;
				TARGETED_DEVICE_FAMILY = "1,2";
				TEST_HOST = "$(BUILT_PRODUCTS_DIR)/Tasks.app/$(BUNDLE_EXECUTABLE_FOLDER_PATH)/Tasks";
			};
			name = Release;
		};
		CFFA1A3A2C350F6700342CF6 /* Debug */ = {
			isa = XCBuildConfiguration;
			buildSettings = {
				ALWAYS_EMBED_SWIFT_STANDARD_LIBRARIES = YES;
				CODE_SIGN_STYLE = Automatic;
				CURRENT_PROJECT_VERSION = 1;
				DEVELOPMENT_TEAM = PPG75C692R;
				GENERATE_INFOPLIST_FILE = YES;
				MARKETING_VERSION = 1.0;
				PRODUCT_BUNDLE_IDENTIFIER = "Billy-Agustian.TasksUITests";
				PRODUCT_NAME = "$(TARGET_NAME)";
				SWIFT_EMIT_LOC_STRINGS = NO;
				SWIFT_VERSION = 5.0;
				TARGETED_DEVICE_FAMILY = "1,2";
				TEST_TARGET_NAME = Tasks;
			};
			name = Debug;
		};
		CFFA1A3B2C350F6700342CF6 /* Release */ = {
			isa = XCBuildConfiguration;
			buildSettings = {
				ALWAYS_EMBED_SWIFT_STANDARD_LIBRARIES = YES;
				CODE_SIGN_STYLE = Automatic;
				CURRENT_PROJECT_VERSION = 1;
				DEVELOPMENT_TEAM = PPG75C692R;
				GENERATE_INFOPLIST_FILE = YES;
				MARKETING_VERSION = 1.0;
				PRODUCT_BUNDLE_IDENTIFIER = "Billy-Agustian.TasksUITests";
				PRODUCT_NAME = "$(TARGET_NAME)";
				SWIFT_EMIT_LOC_STRINGS = NO;
				SWIFT_VERSION = 5.0;
				TARGETED_DEVICE_FAMILY = "1,2";
				TEST_TARGET_NAME = Tasks;
			};
			name = Release;
		};
/* End XCBuildConfiguration section */

/* Begin XCConfigurationList section */
		CFFA1A0A2C350F6500342CF6 /* Build configuration list for PBXProject "Tasks" */ = {
			isa = XCConfigurationList;
			buildConfigurations = (
				CFFA1A312C350F6700342CF6 /* Debug */,
				CFFA1A322C350F6700342CF6 /* Release */,
			);
			defaultConfigurationIsVisible = 0;
			defaultConfigurationName = Release;
		};
		CFFA1A332C350F6700342CF6 /* Build configuration list for PBXNativeTarget "Tasks" */ = {
			isa = XCConfigurationList;
			buildConfigurations = (
				CFFA1A342C350F6700342CF6 /* Debug */,
				CFFA1A352C350F6700342CF6 /* Release */,
			);
			defaultConfigurationIsVisible = 0;
			defaultConfigurationName = Release;
		};
		CFFA1A362C350F6700342CF6 /* Build configuration list for PBXNativeTarget "TasksTests" */ = {
			isa = XCConfigurationList;
			buildConfigurations = (
				CFFA1A372C350F6700342CF6 /* Debug */,
				CFFA1A382C350F6700342CF6 /* Release */,
			);
			defaultConfigurationIsVisible = 0;
			defaultConfigurationName = Release;
		};
		CFFA1A392C350F6700342CF6 /* Build configuration list for PBXNativeTarget "TasksUITests" */ = {
			isa = XCConfigurationList;
			buildConfigurations = (
				CFFA1A3A2C350F6700342CF6 /* Debug */,
				CFFA1A3B2C350F6700342CF6 /* Release */,
			);
			defaultConfigurationIsVisible = 0;
			defaultConfigurationName = Release;
		};
/* End XCConfigurationList section */
	};
	rootObject = CFFA1A072C350F6500342CF6 /* Project object */;
}
